
Microsoft Visual Studio Solution File, Format Version 11.00
# Visual Studio 2010
Project("{FAE04EC0-301F-11D3-BF4B-00C04F79EFBC}") = "Assembly-CSharp", "Assembly-CSharp.csproj", "{0F678002-847E-5B14-A106-01CB290E2DA8}"
EndProject
Project("{FAE04EC0-301F-11D3-BF4B-00C04F79EFBC}") = "Assembly-CSharp-Editor", "Assembly-CSharp-Editor.csproj", "{3EAB2AB7-327C-7821-A653-687898D16BEB}"
EndProject
Global
	GlobalSection(SolutionConfigurationPlatforms) = preSolution
		Debug|Any CPU = Debug|Any CPU
		Release|Any CPU = Release|Any CPU
	EndGlobalSection
	GlobalSection(ProjectConfigurationPlatforms) = postSolution
		{0F678002-847E-5B14-A106-01CB290E2DA8}.Debug|Any CPU.ActiveCfg = Debug|Any CPU
		{0F678002-847E-5B14-A106-01CB290E2DA8}.Debug|Any CPU.Build.0 = Debug|Any CPU
		{0F678002-847E-5B14-A106-01CB290E2DA8}.Release|Any CPU.ActiveCfg = Release|Any CPU
		{0F678002-847E-5B14-A106-01CB290E2DA8}.Release|Any CPU.Build.0 = Release|Any CPU
		{3EAB2AB7-327C-7821-A653-687898D16BEB}.Debug|Any CPU.ActiveCfg = Debug|Any CPU
		{3EAB2AB7-327C-7821-A653-687898D16BEB}.Debug|Any CPU.Build.0 = Debug|Any CPU
		{3EAB2AB7-327C-7821-A653-687898D16BEB}.Release|Any CPU.ActiveCfg = Release|Any CPU
		{3EAB2AB7-327C-7821-A653-687898D16BEB}.Release|Any CPU.Build.0 = Release|Any CPU
	EndGlobalSection
	GlobalSection(SolutionProperties) = preSolution
		HideSolutionNode = FALSE
	EndGlobalSection
EndGlobal
